
Microsoft Visual Studio Solution File, Format Version 12.00
# Visual Studio 15
VisualStudioVersion = 15.0.28307.168
MinimumVisualStudioVersion = 10.0.40219.1
Project("{FAE04EC0-301F-11D3-BF4B-00C04F79EFBC}") = "Completely Random Password Generator", "Completely Random Password Generator\Completely Random Password Generator.csproj", "{C09AF3B2-E467-400E-933C-67A22D65D11A}"
EndProject
Project("{FAE04EC0-301F-11D3-BF4B-00C04F79EFBC}") = "Not So Random Password Generator", "ConsoleApp1\Not So Random Password Generator.csproj", "{B4B83715-ED5E-41BF-A50C-860A0F3B9E69}"
EndProject
Project("{FAE04EC0-301F-11D3-BF4B-00C04F79EFBC}") = "Not Random Password Generator", "Not Random Password Generator\Not Random Password Generator.csproj", "{4040BBD9-3604-4E65-B2AF-3C6DB7CF9FB9}"
EndProject
Project("{FAE04EC0-301F-11D3-BF4B-00C04F79EFBC}") = "Somewhat Random PassCODE WITH NUMBERS Generator", "Somewhat Random PassCODE WITH NUMBERS Generator\Somewhat Random PassCODE WITH NUMBERS Generator.csproj", "{8744B855-B23C-4D36-858B-5B90623D8CB7}"
EndProject
Global
	GlobalSection(SolutionConfigurationPlatforms) = preSolution
		Debug|Any CPU = Debug|Any CPU
		Release|Any CPU = Release|Any CPU
	EndGlobalSection
	GlobalSection(ProjectConfigurationPlatforms) = postSolution
		{C09AF3B2-E467-400E-933C-67A22D65D11A}.Debug|Any CPU.ActiveCfg = Debug|Any CPU
		{C09AF3B2-E467-400E-933C-67A22D65D11A}.Debug|Any CPU.Build.0 = Debug|Any CPU
		{C09AF3B2-E467-400E-933C-67A22D65D11A}.Release|Any CPU.ActiveCfg = Release|Any CPU
		{C09AF3B2-E467-400E-933C-67A22D65D11A}.Release|Any CPU.Build.0 = Release|Any CPU
		{B4B83715-ED5E-41BF-A50C-860A0F3B9E69}.Debug|Any CPU.ActiveCfg = Debug|Any CPU
		{B4B83715-ED5E-41BF-A50C-860A0F3B9E69}.Debug|Any CPU.Build.0 = Debug|Any CPU
		{B4B83715-ED5E-41BF-A50C-860A0F3B9E69}.Release|Any CPU.ActiveCfg = Release|Any CPU
		{B4B83715-ED5E-41BF-A50C-860A0F3B9E69}.Release|Any CPU.Build.0 = Release|Any CPU
		{4040BBD9-3604-4E65-B2AF-3C6DB7CF9FB9}.Debug|Any CPU.ActiveCfg = Debug|Any CPU
		{4040BBD9-3604-4E65-B2AF-3C6DB7CF9FB9}.Debug|Any CPU.Build.0 = Debug|Any CPU
		{4040BBD9-3604-4E65-B2AF-3C6DB7CF9FB9}.Release|Any CPU.ActiveCfg = Release|Any CPU
		{4040BBD9-3604-4E65-B2AF-3C6DB7CF9FB9}.Release|Any CPU.Build.0 = Release|Any CPU
		{8744B855-B23C-4D36-858B-5B90623D8CB7}.Debug|Any CPU.ActiveCfg = Debug|Any CPU
		{8744B855-B23C-4D36-858B-5B90623D8CB7}.Debug|Any CPU.Build.0 = Debug|Any CPU
		{8744B855-B23C-4D36-858B-5B90623D8CB7}.Release|Any CPU.ActiveCfg = Release|Any CPU
		{8744B855-B23C-4D36-858B-5B90623D8CB7}.Release|Any CPU.Build.0 = Release|Any CPU
	EndGlobalSection
	GlobalSection(SolutionProperties) = preSolution
		HideSolutionNode = FALSE
	EndGlobalSection
	GlobalSection(ExtensibilityGlobals) = postSolution
		SolutionGuid = {7F75F607-71FF-48AB-8CB2-DE71D418CE42}
	EndGlobalSection
EndGlobal
